
Microsoft Visual Studio Solution File, Format Version 12.00
# Visual Studio 15
VisualStudioVersion = 15.0.28010.2016
MinimumVisualStudioVersion = 10.0.40219.1
Project("{FAE04EC0-301F-11D3-BF4B-00C04F79EFBC}") = "ChodbaSvetlaInteraction", "ChodbaSvetlaInteraction\ChodbaSvetlaInteraction.csproj", "{22B442A4-6585-4FA5-B8C8-293DED680E45}"
EndProject
Global
	GlobalSection(SolutionConfigurationPlatforms) = preSolution
		Debug|Any CPU = Debug|Any CPU
		Release|Any CPU = Release|Any CPU
	EndGlobalSection
	GlobalSection(ProjectConfigurationPlatforms) = postSolution
		{22B442A4-6585-4FA5-B8C8-293DED680E45}.Debug|Any CPU.ActiveCfg = Debug|Any CPU
		{22B442A4-6585-4FA5-B8C8-293DED680E45}.Debug|Any CPU.Build.0 = Debug|Any CPU
		{22B442A4-6585-4FA5-B8C8-293DED680E45}.Release|Any CPU.ActiveCfg = Release|Any CPU
		{22B442A4-6585-4FA5-B8C8-293DED680E45}.Release|Any CPU.Build.0 = Release|Any CPU
	EndGlobalSection
	GlobalSection(SolutionProperties) = preSolution
		HideSolutionNode = FALSE
	EndGlobalSection
	GlobalSection(ExtensibilityGlobals) = postSolution
		SolutionGuid = {80B4D0D5-BBC8-4CC3-BA46-4A2002863B73}
	EndGlobalSection
EndGlobal
